# This file is automatically @generated by Poetry and should not be changed by hand.

[[package]]
name = "importlib"
version = "1.0.4"
description = "Backport of importlib.import_module() from Python 2.7"
category = "main"
optional = false
python-versions = "*"
files = [
    {file = "importlib-1.0.4.zip", hash = "sha256:b6ee7066fea66e35f8d0acee24d98006de1a0a8a94a8ce6efe73a9a23c8d9826"},
]

[[package]]
name = "nose2"
version = "0.12.0"
description = "unittest2 with plugins, the successor to nose"
category = "dev"
optional = false
python-versions = "*"
files = [
    {file = "nose2-0.12.0-py2.py3-none-any.whl", hash = "sha256:da7eb5e3cbe2abb693a053e17b4fbefca98ea9ea79fc729b0b0f41e8b4196304"},
    {file = "nose2-0.12.0.tar.gz", hash = "sha256:956e79b9bd558ee08b6200c05ad2c76465b7e3860c0c0537686089285c320113"},
]

[package.extras]
coverage-plugin = ["coverage"]
dev = ["Sphinx", "mock", "sphinx-issues", "sphinx-rtd-theme"]

[[package]]
name = "pathlib"
version = "1.0.1"
description = "Object-oriented filesystem paths"
category = "main"
optional = false
python-versions = "*"
files = [
    {file = "pathlib-1.0.1-py3-none-any.whl", hash = "sha256:f35f95ab8b0f59e6d354090350b44a80a80635d22efdedfa84c7ad1cf0a74147"},
    {file = "pathlib-1.0.1.tar.gz", hash = "sha256:6940718dfc3eff4258203ad5021090933e5c04707d5ca8cc9e73c94a7894ea9f"},
]

[metadata]
lock-version = "2.0"
python-versions = "^3.11"
content-hash = "850b9a79ec2ef9bd7f9a3b57cf5ee6908b4051f2fe92515721f3aaa97c52906c"
